// !$*UTF8*$!
{
	archiveVersion = 1;
	classes = {
	};
	objectVersion = 55;
	objects = {

/* Begin PBXBuildFile section */
		B762B2C427403D3100506ABC /* AppDelegate.swift in Sources */ = {isa = PBXBuildFile; fileRef = B762B2C327403D3100506ABC /* AppDelegate.swift */; };
		B762B2C627403D3100506ABC /* SceneDelegate.swift in Sources */ = {isa = PBXBuildFile; fileRef = B762B2C527403D3100506ABC /* SceneDelegate.swift */; };
		B762B2C827403D3100506ABC /* ViewController.swift in Sources */ = {isa = PBXBuildFile; fileRef = B762B2C727403D3100506ABC /* ViewController.swift */; };
		B762B2CB27403D3100506ABC /* Main.storyboard in Resources */ = {isa = PBXBuildFile; fileRef = B762B2C927403D3100506ABC /* Main.storyboard */; };
		B762B2CD27403D3300506ABC /* Assets.xcassets in Resources */ = {isa = PBXBuildFile; fileRef = B762B2CC27403D3300506ABC /* Assets.xcassets */; };
		B762B2D027403D3300506ABC /* LaunchScreen.storyboard in Resources */ = {isa = PBXBuildFile; fileRef = B762B2CE27403D3300506ABC /* LaunchScreen.storyboard */; };
		B762B2D927404FF500506ABC /* JTAVPlayerController.swift in Sources */ = {isa = PBXBuildFile; fileRef = B762B2D827404FF500506ABC /* JTAVPlayerController.swift */; };
		B762B2DB27405E4700506ABC /* JTAVPlayerLayer.swift in Sources */ = {isa = PBXBuildFile; fileRef = B762B2DA27405E4700506ABC /* JTAVPlayerLayer.swift */; };
		B762B2DD2742CD1600506ABC /* README.md in Resources */ = {isa = PBXBuildFile; fileRef = B762B2DC2742CD1500506ABC /* README.md */; };
		B767E9162743F70D00FDCDAB /* InitState.swift in Sources */ = {isa = PBXBuildFile; fileRef = B767E9152743F70D00FDCDAB /* InitState.swift */; };
		B767E9192743F9E800FDCDAB /* PlayerCommandsProtocol.swift in Sources */ = {isa = PBXBuildFile; fileRef = B767E9182743F9E800FDCDAB /* PlayerCommandsProtocol.swift */; };
		B767E91B2743FA9A00FDCDAB /* PlayerStateProtocol.swift in Sources */ = {isa = PBXBuildFile; fileRef = B767E91A2743FA9A00FDCDAB /* PlayerStateProtocol.swift */; };
/* End PBXBuildFile section */

/* Begin PBXFileReference section */
		B762B2C027403D3100506ABC /* AVPlayer.app */ = {isa = PBXFileReference; explicitFileType = wrapper.application; includeInIndex = 0; path = AVPlayer.app; sourceTree = BUILT_PRODUCTS_DIR; };
		B762B2C327403D3100506ABC /* AppDelegate.swift */ = {isa = PBXFileReference; lastKnownFileType = sourcecode.swift; path = AppDelegate.swift; sourceTree = "<group>"; };
		B762B2C527403D3100506ABC /* SceneDelegate.swift */ = {isa = PBXFileReference; lastKnownFileType = sourcecode.swift; path = SceneDelegate.swift; sourceTree = "<group>"; };
		B762B2C727403D3100506ABC /* ViewController.swift */ = {isa = PBXFileReference; lastKnownFileType = sourcecode.swift; path = ViewController.swift; sourceTree = "<group>"; };
		B762B2CA27403D3100506ABC /* Base */ = {isa = PBXFileReference; lastKnownFileType = file.storyboard; name = Base; path = Base.lproj/Main.storyboard; sourceTree = "<group>"; };
		B762B2CC27403D3300506ABC /* Assets.xcassets */ = {isa = PBXFileReference; lastKnownFileType = folder.assetcatalog; path = Assets.xcassets; sourceTree = "<group>"; };
		B762B2CF27403D3300506ABC /* Base */ = {isa = PBXFileReference; lastKnownFileType = file.storyboard; name = Base; path = Base.lproj/LaunchScreen.storyboard; sourceTree = "<group>"; };
		B762B2D127403D3300506ABC /* Info.plist */ = {isa = PBXFileReference; lastKnownFileType = text.plist.xml; path = Info.plist; sourceTree = "<group>"; };
		B762B2D827404FF500506ABC /* JTAVPlayerController.swift */ = {isa = PBXFileReference; lastKnownFileType = sourcecode.swift; path = JTAVPlayerController.swift; sourceTree = "<group>"; };
		B762B2DA27405E4700506ABC /* JTAVPlayerLayer.swift */ = {isa = PBXFileReference; lastKnownFileType = sourcecode.swift; path = JTAVPlayerLayer.swift; sourceTree = "<group>"; };
		B762B2DC2742CD1500506ABC /* README.md */ = {isa = PBXFileReference; fileEncoding = 4; lastKnownFileType = net.daringfireball.markdown; path = README.md; sourceTree = "<group>"; };
		B762B2DF2742DE3D00506ABC /* JTAVPlayerContext.swift */ = {isa = PBXFileReference; lastKnownFileType = sourcecode.swift; path = JTAVPlayerContext.swift; sourceTree = "<group>"; };
		B767E9152743F70D00FDCDAB /* InitState.swift */ = {isa = PBXFileReference; lastKnownFileType = sourcecode.swift; path = InitState.swift; sourceTree = "<group>"; };
		B767E9182743F9E800FDCDAB /* PlayerCommandsProtocol.swift */ = {isa = PBXFileReference; lastKnownFileType = sourcecode.swift; path = PlayerCommandsProtocol.swift; sourceTree = "<group>"; };
		B767E91A2743FA9A00FDCDAB /* PlayerStateProtocol.swift */ = {isa = PBXFileReference; lastKnownFileType = sourcecode.swift; path = PlayerStateProtocol.swift; sourceTree = "<group>"; };
/* End PBXFileReference section */

/* Begin PBXFrameworksBuildPhase section */
		B762B2BD27403D3100506ABC /* Frameworks */ = {
			isa = PBXFrameworksBuildPhase;
			buildActionMask = 2147483647;
			files = (
			);
			runOnlyForDeploymentPostprocessing = 0;
		};
/* End PBXFrameworksBuildPhase section */

/* Begin PBXGroup section */
		B762B2B727403D3100506ABC = {
			isa = PBXGroup;
			children = (
				B762B2DC2742CD1500506ABC /* README.md */,
				B762B2C227403D3100506ABC /* AVPlayer */,
				B762B2C127403D3100506ABC /* Products */,
			);
			sourceTree = "<group>";
		};
		B762B2C127403D3100506ABC /* Products */ = {
			isa = PBXGroup;
			children = (
				B762B2C027403D3100506ABC /* AVPlayer.app */,
			);
			name = Products;
			sourceTree = "<group>";
		};
		B762B2C227403D3100506ABC /* AVPlayer */ = {
			isa = PBXGroup;
			children = (
				B762B2D727404FC300506ABC /* Player Configurations */,
				B762B2C327403D3100506ABC /* AppDelegate.swift */,
				B762B2C527403D3100506ABC /* SceneDelegate.swift */,
				B762B2C727403D3100506ABC /* ViewController.swift */,
				B762B2C927403D3100506ABC /* Main.storyboard */,
				B762B2CC27403D3300506ABC /* Assets.xcassets */,
				B762B2CE27403D3300506ABC /* LaunchScreen.storyboard */,
				B762B2D127403D3300506ABC /* Info.plist */,
			);
			path = AVPlayer;
			sourceTree = "<group>";
		};
		B762B2D727404FC300506ABC /* Player Configurations */ = {
			isa = PBXGroup;
			children = (
				B767E9172743F9D200FDCDAB /* Protocols */,
				B767E9142743F6C400FDCDAB /* StateService */,
				B762B2D827404FF500506ABC /* JTAVPlayerController.swift */,
				B762B2DF2742DE3D00506ABC /* JTAVPlayerContext.swift */,
				B762B2DA27405E4700506ABC /* JTAVPlayerLayer.swift */,
			);
			path = "Player Configurations";
			sourceTree = "<group>";
		};
		B767E9142743F6C400FDCDAB /* StateService */ = {
			isa = PBXGroup;
			children = (
				B767E9152743F70D00FDCDAB /* InitState.swift */,
			);
			path = StateService;
			sourceTree = "<group>";
		};
		B767E9172743F9D200FDCDAB /* Protocols */ = {
			isa = PBXGroup;
			children = (
				B767E9182743F9E800FDCDAB /* PlayerCommandsProtocol.swift */,
				B767E91A2743FA9A00FDCDAB /* PlayerStateProtocol.swift */,
			);
			path = Protocols;
			sourceTree = "<group>";
		};
/* End PBXGroup section */

/* Begin PBXNativeTarget section */
		B762B2BF27403D3100506ABC /* AVPlayer */ = {
			isa = PBXNativeTarget;
			buildConfigurationList = B762B2D427403D3300506ABC /* Build configuration list for PBXNativeTarget "AVPlayer" */;
			buildPhases = (
				B762B2BC27403D3100506ABC /* Sources */,
				B762B2BD27403D3100506ABC /* Frameworks */,
				B762B2BE27403D3100506ABC /* Resources */,
			);
			buildRules = (
			);
			dependencies = (
			);
			name = AVPlayer;
			productName = AVPlayer;
			productReference = B762B2C027403D3100506ABC /* AVPlayer.app */;
			productType = "com.apple.product-type.application";
		};
/* End PBXNativeTarget section */

/* Begin PBXProject section */
		B762B2B827403D3100506ABC /* Project object */ = {
			isa = PBXProject;
			attributes = {
				BuildIndependentTargetsInParallel = 1;
				LastSwiftUpdateCheck = 1300;
				LastUpgradeCheck = 1300;
				TargetAttributes = {
					B762B2BF27403D3100506ABC = {
						CreatedOnToolsVersion = 13.0;
					};
				};
			};
			buildConfigurationList = B762B2BB27403D3100506ABC /* Build configuration list for PBXProject "AVPlayer" */;
			compatibilityVersion = "Xcode 13.0";
			developmentRegion = en;
			hasScannedForEncodings = 0;
			knownRegions = (
				en,
				Base,
			);
			mainGroup = B762B2B727403D3100506ABC;
			productRefGroup = B762B2C127403D3100506ABC /* Products */;
			projectDirPath = "";
			projectRoot = "";
			targets = (
				B762B2BF27403D3100506ABC /* AVPlayer */,
			);
		};
/* End PBXProject section */

/* Begin PBXResourcesBuildPhase section */
		B762B2BE27403D3100506ABC /* Resources */ = {
			isa = PBXResourcesBuildPhase;
			buildActionMask = 2147483647;
			files = (
				B762B2D027403D3300506ABC /* LaunchScreen.storyboard in Resources */,
				B762B2CD27403D3300506ABC /* Assets.xcassets in Resources */,
				B762B2DD2742CD1600506ABC /* README.md in Resources */,
				B762B2CB27403D3100506ABC /* Main.storyboard in Resources */,
			);
			runOnlyForDeploymentPostprocessing = 0;
		};
/* End PBXResourcesBuildPhase section */

/* Begin PBXSourcesBuildPhase section */
		B762B2BC27403D3100506ABC /* Sources */ = {
			isa = PBXSourcesBuildPhase;
			buildActionMask = 2147483647;
			files = (
				B762B2C827403D3100506ABC /* ViewController.swift in Sources */,
				B767E9162743F70D00FDCDAB /* InitState.swift in Sources */,
				B762B2DB27405E4700506ABC /* JTAVPlayerLayer.swift in Sources */,
				B767E9192743F9E800FDCDAB /* PlayerCommandsProtocol.swift in Sources */,
				B767E91B2743FA9A00FDCDAB /* PlayerStateProtocol.swift in Sources */,
				B762B2D927404FF500506ABC /* JTAVPlayerController.swift in Sources */,
				B762B2C427403D3100506ABC /* AppDelegate.swift in Sources */,
				B762B2C627403D3100506ABC /* SceneDelegate.swift in Sources */,
			);
			runOnlyForDeploymentPostprocessing = 0;
		};
/* End PBXSourcesBuildPhase section */

/* Begin PBXVariantGroup section */
		B762B2C927403D3100506ABC /* Main.storyboard */ = {
			isa = PBXVariantGroup;
			children = (
				B762B2CA27403D3100506ABC /* Base */,
			);
			name = Main.storyboard;
			sourceTree = "<group>";
		};
		B762B2CE27403D3300506ABC /* LaunchScreen.storyboard */ = {
			isa = PBXVariantGroup;
			children = (
				B762B2CF27403D3300506ABC /* Base */,
			);
			name = LaunchScreen.storyboard;
			sourceTree = "<group>";
		};
/* End PBXVariantGroup section */

/* Begin XCBuildConfiguration section */
		B762B2D227403D3300506ABC /* Debug */ = {
			isa = XCBuildConfiguration;
			buildSettings = {
				ALWAYS_SEARCH_USER_PATHS = NO;
				CLANG_ANALYZER_NONNULL = YES;
				CLANG_ANALYZER_NUMBER_OBJECT_CONVERSION = YES_AGGRESSIVE;
				CLANG_CXX_LANGUAGE_STANDARD = "gnu++17";
				CLANG_CXX_LIBRARY = "libc++";
				CLANG_ENABLE_MODULES = YES;
				CLANG_ENABLE_OBJC_ARC = YES;
				CLANG_ENABLE_OBJC_WEAK = YES;
				CLANG_WARN_BLOCK_CAPTURE_AUTORELEASING = YES;
				CLANG_WARN_BOOL_CONVERSION = YES;
				CLANG_WARN_COMMA = YES;
				CLANG_WARN_CONSTANT_CONVERSION = YES;
				CLANG_WARN_DEPRECATED_OBJC_IMPLEMENTATIONS = YES;
				CLANG_WARN_DIRECT_OBJC_ISA_USAGE = YES_ERROR;
				CLANG_WARN_DOCUMENTATION_COMMENTS = YES;
				CLANG_WARN_EMPTY_BODY = YES;
				CLANG_WARN_ENUM_CONVERSION = YES;
				CLANG_WARN_INFINITE_RECURSION = YES;
				CLANG_WARN_INT_CONVERSION = YES;
				CLANG_WARN_NON_LITERAL_NULL_CONVERSION = YES;
				CLANG_WARN_OBJC_IMPLICIT_RETAIN_SELF = YES;
				CLANG_WARN_OBJC_LITERAL_CONVERSION = YES;
				CLANG_WARN_OBJC_ROOT_CLASS = YES_ERROR;
				CLANG_WARN_QUOTED_INCLUDE_IN_FRAMEWORK_HEADER = YES;
				CLANG_WARN_RANGE_LOOP_ANALYSIS = YES;
				CLANG_WARN_STRICT_PROTOTYPES = YES;
				CLANG_WARN_SUSPICIOUS_MOVE = YES;
				CLANG_WARN_UNGUARDED_AVAILABILITY = YES_AGGRESSIVE;
				CLANG_WARN_UNREACHABLE_CODE = YES;
				CLANG_WARN__DUPLICATE_METHOD_MATCH = YES;
				COPY_PHASE_STRIP = NO;
				DEBUG_INFORMATION_FORMAT = dwarf;
				ENABLE_STRICT_OBJC_MSGSEND = YES;
				ENABLE_TESTABILITY = YES;
				GCC_C_LANGUAGE_STANDARD = gnu11;
				GCC_DYNAMIC_NO_PIC = NO;
				GCC_NO_COMMON_BLOCKS = YES;
				GCC_OPTIMIZATION_LEVEL = 0;
				GCC_PREPROCESSOR_DEFINITIONS = (
					"DEBUG=1",
					"$(inherited)",
				);
				GCC_WARN_64_TO_32_BIT_CONVERSION = YES;
				GCC_WARN_ABOUT_RETURN_TYPE = YES_ERROR;
				GCC_WARN_UNDECLARED_SELECTOR = YES;
				GCC_WARN_UNINITIALIZED_AUTOS = YES_AGGRESSIVE;
				GCC_WARN_UNUSED_FUNCTION = YES;
				GCC_WARN_UNUSED_VARIABLE = YES;
				IPHONEOS_DEPLOYMENT_TARGET = 15.0;
				MTL_ENABLE_DEBUG_INFO = INCLUDE_SOURCE;
				MTL_FAST_MATH = YES;
				ONLY_ACTIVE_ARCH = YES;
				SDKROOT = iphoneos;
				SWIFT_ACTIVE_COMPILATION_CONDITIONS = DEBUG;
				SWIFT_OPTIMIZATION_LEVEL = "-Onone";
			};
			name = Debug;
		};
		B762B2D327403D3300506ABC /* Release */ = {
			isa = XCBuildConfiguration;
			buildSettings = {
				ALWAYS_SEARCH_USER_PATHS = NO;
				CLANG_ANALYZER_NONNULL = YES;
				CLANG_ANALYZER_NUMBER_OBJECT_CONVERSION = YES_AGGRESSIVE;
				CLANG_CXX_LANGUAGE_STANDARD = "gnu++17";
				CLANG_CXX_LIBRARY = "libc++";
				CLANG_ENABLE_MODULES = YES;
				CLANG_ENABLE_OBJC_ARC = YES;
				CLANG_ENABLE_OBJC_WEAK = YES;
				CLANG_WARN_BLOCK_CAPTURE_AUTORELEASING = YES;
				CLANG_WARN_BOOL_CONVERSION = YES;
				CLANG_WARN_COMMA = YES;
				CLANG_WARN_CONSTANT_CONVERSION = YES;
				CLANG_WARN_DEPRECATED_OBJC_IMPLEMENTATIONS = YES;
				CLANG_WARN_DIRECT_OBJC_ISA_USAGE = YES_ERROR;
				CLANG_WARN_DOCUMENTATION_COMMENTS = YES;
				CLANG_WARN_EMPTY_BODY = YES;
				CLANG_WARN_ENUM_CONVERSION = YES;
				CLANG_WARN_INFINITE_RECURSION = YES;
				CLANG_WARN_INT_CONVERSION = YES;
				CLANG_WARN_NON_LITERAL_NULL_CONVERSION = YES;
				CLANG_WARN_OBJC_IMPLICIT_RETAIN_SELF = YES;
				CLANG_WARN_OBJC_LITERAL_CONVERSION = YES;
				CLANG_WARN_OBJC_ROOT_CLASS = YES_ERROR;
				CLANG_WARN_QUOTED_INCLUDE_IN_FRAMEWORK_HEADER = YES;
				CLANG_WARN_RANGE_LOOP_ANALYSIS = YES;
				CLANG_WARN_STRICT_PROTOTYPES = YES;
				CLANG_WARN_SUSPICIOUS_MOVE = YES;
				CLANG_WARN_UNGUARDED_AVAILABILITY = YES_AGGRESSIVE;
				CLANG_WARN_UNREACHABLE_CODE = YES;
				CLANG_WARN__DUPLICATE_METHOD_MATCH = YES;
				COPY_PHASE_STRIP = NO;
				DEBUG_INFORMATION_FORMAT = "dwarf-with-dsym";
				ENABLE_NS_ASSERTIONS = NO;
				ENABLE_STRICT_OBJC_MSGSEND = YES;
				GCC_C_LANGUAGE_STANDARD = gnu11;
				GCC_NO_COMMON_BLOCKS = YES;
				GCC_WARN_64_TO_32_BIT_CONVERSION = YES;
				GCC_WARN_ABOUT_RETURN_TYPE = YES_ERROR;
				GCC_WARN_UNDECLARED_SELECTOR = YES;
				GCC_WARN_UNINITIALIZED_AUTOS = YES_AGGRESSIVE;
				GCC_WARN_UNUSED_FUNCTION = YES;
				GCC_WARN_UNUSED_VARIABLE = YES;
				IPHONEOS_DEPLOYMENT_TARGET = 15.0;
				MTL_ENABLE_DEBUG_INFO = NO;
				MTL_FAST_MATH = YES;
				SDKROOT = iphoneos;
				SWIFT_COMPILATION_MODE = wholemodule;
				SWIFT_OPTIMIZATION_LEVEL = "-O";
				VALIDATE_PRODUCT = YES;
			};
			name = Release;
		};
		B762B2D527403D3300506ABC /* Debug */ = {
			isa = XCBuildConfiguration;
			buildSettings = {
				ASSETCATALOG_COMPILER_APPICON_NAME = AppIcon;
				ASSETCATALOG_COMPILER_GLOBAL_ACCENT_COLOR_NAME = AccentColor;
				CODE_SIGN_STYLE = Automatic;
				CURRENT_PROJECT_VERSION = 1;
				DEVELOPMENT_TEAM = J8A3SH72B3;
				GENERATE_INFOPLIST_FILE = YES;
				INFOPLIST_FILE = AVPlayer/Info.plist;
				INFOPLIST_KEY_UIApplicationSupportsIndirectInputEvents = YES;
				INFOPLIST_KEY_UILaunchStoryboardName = LaunchScreen;
				INFOPLIST_KEY_UIMainStoryboardFile = Main;
				INFOPLIST_KEY_UISupportedInterfaceOrientations_iPad = "UIInterfaceOrientationPortrait UIInterfaceOrientationPortraitUpsideDown UIInterfaceOrientationLandscapeLeft UIInterfaceOrientationLandscapeRight";
				INFOPLIST_KEY_UISupportedInterfaceOrientations_iPhone = "UIInterfaceOrientationPortrait UIInterfaceOrientationLandscapeLeft UIInterfaceOrientationLandscapeRight";
				LD_RUNPATH_SEARCH_PATHS = (
					"$(inherited)",
					"@executable_path/Frameworks",
				);
				MARKETING_VERSION = 1.0;
				PRODUCT_BUNDLE_IDENTIFIER = com.baloombaz.app.AVPlayer;
				PRODUCT_NAME = "$(TARGET_NAME)";
				SWIFT_EMIT_LOC_STRINGS = YES;
				SWIFT_VERSION = 5.0;
				TARGETED_DEVICE_FAMILY = "1,2";
			};
			name = Debug;
		};
		B762B2D627403D3300506ABC /* Release */ = {
			isa = XCBuildConfiguration;
			buildSettings = {
				ASSETCATALOG_COMPILER_APPICON_NAME = AppIcon;
				ASSETCATALOG_COMPILER_GLOBAL_ACCENT_COLOR_NAME = AccentColor;
				CODE_SIGN_STYLE = Automatic;
				CURRENT_PROJECT_VERSION = 1;
				DEVELOPMENT_TEAM = J8A3SH72B3;
				GENERATE_INFOPLIST_FILE = YES;
				INFOPLIST_FILE = AVPlayer/Info.plist;
				INFOPLIST_KEY_UIApplicationSupportsIndirectInputEvents = YES;
				INFOPLIST_KEY_UILaunchStoryboardName = LaunchScreen;
				INFOPLIST_KEY_UIMainStoryboardFile = Main;
				INFOPLIST_KEY_UISupportedInterfaceOrientations_iPad = "UIInterfaceOrientationPortrait UIInterfaceOrientationPortraitUpsideDown UIInterfaceOrientationLandscapeLeft UIInterfaceOrientationLandscapeRight";
				INFOPLIST_KEY_UISupportedInterfaceOrientations_iPhone = "UIInterfaceOrientationPortrait UIInterfaceOrientationLandscapeLeft UIInterfaceOrientationLandscapeRight";
				LD_RUNPATH_SEARCH_PATHS = (
					"$(inherited)",
					"@executable_path/Frameworks",
				);
				MARKETING_VERSION = 1.0;
				PRODUCT_BUNDLE_IDENTIFIER = com.baloombaz.app.AVPlayer;
				PRODUCT_NAME = "$(TARGET_NAME)";
				SWIFT_EMIT_LOC_STRINGS = YES;
				SWIFT_VERSION = 5.0;
				TARGETED_DEVICE_FAMILY = "1,2";
			};
			name = Release;
		};
/* End XCBuildConfiguration section */

/* Begin XCConfigurationList section */
		B762B2BB27403D3100506ABC /* Build configuration list for PBXProject "AVPlayer" */ = {
			isa = XCConfigurationList;
			buildConfigurations = (
				B762B2D227403D3300506ABC /* Debug */,
				B762B2D327403D3300506ABC /* Release */,
			);
			defaultConfigurationIsVisible = 0;
			defaultConfigurationName = Release;
		};
		B762B2D427403D3300506ABC /* Build configuration list for PBXNativeTarget "AVPlayer" */ = {
			isa = XCConfigurationList;
			buildConfigurations = (
				B762B2D527403D3300506ABC /* Debug */,
				B762B2D627403D3300506ABC /* Release */,
			);
			defaultConfigurationIsVisible = 0;
			defaultConfigurationName = Release;
		};
/* End XCConfigurationList section */
	};
	rootObject = B762B2B827403D3100506ABC /* Project object */;
}
